
Microsoft Visual Studio Solution File, Format Version 12.00
# Visual Studio Version 17
VisualStudioVersion = 17.12.35707.178
MinimumVisualStudioVersion = 10.0.40219.1
Project("{FAE04EC0-301F-11D3-BF4B-00C04F79EFBC}") = "ThreeByte.LinkLib.Shared", "ThreeByte.LinkLib.Shared\ThreeByte.LinkLib.Shared.csproj", "{057F179F-FFE8-412E-9E57-4F7964738D91}"
EndProject
Project("{FAE04EC0-301F-11D3-BF4B-00C04F79EFBC}") = "ThreeByte.LinkLib.UdpLink", "ThreeByte.LinkLib.UdpLink\ThreeByte.LinkLib.UdpLink.csproj", "{492A6278-BD6C-465F-8974-1275197F3CC3}"
EndProject
Project("{FAE04EC0-301F-11D3-BF4B-00C04F79EFBC}") = "ThreeByte.LinkLib.TcpLink", "ThreeByte.LinkLib.TcpLink\ThreeByte.LinkLib.TcpLink.csproj", "{C46B3F46-D67C-4BFA-86AC-9EAEC8EFE471}"
EndProject
Project("{FAE04EC0-301F-11D3-BF4B-00C04F79EFBC}") = "ThreeByte.LinkLib.SerialLink", "ThreeByte.LinkLib.SerialLink\ThreeByte.LinkLib.SerialLink.csproj", "{94D67D84-66B4-42D5-B933-CFE6D8BB0794}"
EndProject
Project("{FAE04EC0-301F-11D3-BF4B-00C04F79EFBC}") = "ThreeByte.LinkLib.NetBooter", "ThreeByte.LinkLib.NetBooter\ThreeByte.LinkLib.NetBooter.csproj", "{1A2A3348-6CC9-43F1-95AC-9CED4E7C4B05}"
EndProject
Project("{FAE04EC0-301F-11D3-BF4B-00C04F79EFBC}") = "ThreeByte.LinkLib.ProjectorLink", "ThreeByte.LinkLib.Projector\ThreeByte.LinkLib.ProjectorLink.csproj", "{65D63D85-301B-48E8-965F-256A132986DA}"
EndProject
Global
	GlobalSection(SolutionConfigurationPlatforms) = preSolution
		Debug|Any CPU = Debug|Any CPU
		Release|Any CPU = Release|Any CPU
	EndGlobalSection
	GlobalSection(ProjectConfigurationPlatforms) = postSolution
		{057F179F-FFE8-412E-9E57-4F7964738D91}.Debug|Any CPU.ActiveCfg = Debug|Any CPU
		{057F179F-FFE8-412E-9E57-4F7964738D91}.Debug|Any CPU.Build.0 = Debug|Any CPU
		{057F179F-FFE8-412E-9E57-4F7964738D91}.Release|Any CPU.ActiveCfg = Release|Any CPU
		{057F179F-FFE8-412E-9E57-4F7964738D91}.Release|Any CPU.Build.0 = Release|Any CPU
		{492A6278-BD6C-465F-8974-1275197F3CC3}.Debug|Any CPU.ActiveCfg = Debug|Any CPU
		{492A6278-BD6C-465F-8974-1275197F3CC3}.Debug|Any CPU.Build.0 = Debug|Any CPU
		{492A6278-BD6C-465F-8974-1275197F3CC3}.Release|Any CPU.ActiveCfg = Release|Any CPU
		{492A6278-BD6C-465F-8974-1275197F3CC3}.Release|Any CPU.Build.0 = Release|Any CPU
		{C46B3F46-D67C-4BFA-86AC-9EAEC8EFE471}.Debug|Any CPU.ActiveCfg = Debug|Any CPU
		{C46B3F46-D67C-4BFA-86AC-9EAEC8EFE471}.Debug|Any CPU.Build.0 = Debug|Any CPU
		{C46B3F46-D67C-4BFA-86AC-9EAEC8EFE471}.Release|Any CPU.ActiveCfg = Release|Any CPU
		{C46B3F46-D67C-4BFA-86AC-9EAEC8EFE471}.Release|Any CPU.Build.0 = Release|Any CPU
		{94D67D84-66B4-42D5-B933-CFE6D8BB0794}.Debug|Any CPU.ActiveCfg = Debug|Any CPU
		{94D67D84-66B4-42D5-B933-CFE6D8BB0794}.Debug|Any CPU.Build.0 = Debug|Any CPU
		{94D67D84-66B4-42D5-B933-CFE6D8BB0794}.Release|Any CPU.ActiveCfg = Release|Any CPU
		{94D67D84-66B4-42D5-B933-CFE6D8BB0794}.Release|Any CPU.Build.0 = Release|Any CPU
		{1A2A3348-6CC9-43F1-95AC-9CED4E7C4B05}.Debug|Any CPU.ActiveCfg = Debug|Any CPU
		{1A2A3348-6CC9-43F1-95AC-9CED4E7C4B05}.Debug|Any CPU.Build.0 = Debug|Any CPU
		{1A2A3348-6CC9-43F1-95AC-9CED4E7C4B05}.Release|Any CPU.ActiveCfg = Release|Any CPU
		{1A2A3348-6CC9-43F1-95AC-9CED4E7C4B05}.Release|Any CPU.Build.0 = Release|Any CPU
		{65D63D85-301B-48E8-965F-256A132986DA}.Debug|Any CPU.ActiveCfg = Debug|Any CPU
		{65D63D85-301B-48E8-965F-256A132986DA}.Debug|Any CPU.Build.0 = Debug|Any CPU
		{65D63D85-301B-48E8-965F-256A132986DA}.Release|Any CPU.ActiveCfg = Release|Any CPU
		{65D63D85-301B-48E8-965F-256A132986DA}.Release|Any CPU.Build.0 = Release|Any CPU
	EndGlobalSection
	GlobalSection(SolutionProperties) = preSolution
		HideSolutionNode = FALSE
	EndGlobalSection
	GlobalSection(ExtensibilityGlobals) = postSolution
		SolutionGuid = {BF6B2422-3E1D-4DDC-A35C-0438CCF2BFCC}
	EndGlobalSection
EndGlobal
